<?xml version="1.0" encoding="utf-8"?>
<Project ToolsVersion="4.0" xmlns="http://schemas.microsoft.com/developer/msbuild/2003">
  <ItemGroup>
    <Filter Include="소스 파일">
      <UniqueIdentifier>{4FC737F1-C7A5-4376-A066-2A32D752A2FF}</UniqueIdentifier>
      <Extensions>cpp;c;cc;cxx;def;odl;idl;hpj;bat;asm;asmx</Extensions>
    </Filter>
    <Filter Include="헤더 파일">
      <UniqueIdentifier>{93995380-89BD-4b04-88EB-625FBE52EBFB}</UniqueIdentifier>
      <Extensions>h;hh;hpp;hxx;hm;inl;inc;ipp;xsd</Extensions>
    </Filter>
    <Filter Include="리소스 파일">
      <UniqueIdentifier>{67DA6AB6-F800-4c08-8B7A-83BB121AAD01}</UniqueIdentifier>
      <Extensions>rc;ico;cur;bmp;dlg;rc2;rct;bin;rgs;gif;jpg;jpeg;jpe;resx;tiff;tif;png;wav;mfcribbon-ms</Extensions>
    </Filter>
    <Filter Include="소스 파일\implementation">
      <UniqueIdentifier>{46dde994-68f4-491c-876a-a1981c855c9b}</UniqueIdentifier>
    </Filter>
    <Filter Include="소스 파일\dfs_bfs">
      <UniqueIdentifier>{c709b49f-a47d-4268-b60b-708d538e10bd}</UniqueIdentifier>
    </Filter>
    <Filter Include="소스 파일\sorting">
      <UniqueIdentifier>{3bcd9705-9980-4336-9e4d-0a477df83d93}</UniqueIdentifier>
    </Filter>
    <Filter Include="소스 파일\binary_search">
      <UniqueIdentifier>{d3543003-0efc-4ba2-954a-cd646b304cb9}</UniqueIdentifier>
    </Filter>
    <Filter Include="소스 파일\greedy">
      <UniqueIdentifier>{a7965514-cc50-454f-af57-680601ccf6e8}</UniqueIdentifier>
    </Filter>
    <Filter Include="소스 파일\implementation\practice">
      <UniqueIdentifier>{8c2f2ff5-7a4b-466d-a647-1e79f5ef4d99}</UniqueIdentifier>
    </Filter>
    <Filter Include="소스 파일\implementation\basic">
      <UniqueIdentifier>{c2aeaf7e-412e-476b-8013-f7cec221d3bb}</UniqueIdentifier>
    </Filter>
    <Filter Include="소스 파일\greedy\basic">
      <UniqueIdentifier>{4dd0d85e-edd6-4bd6-8e72-6e458b89fad4}</UniqueIdentifier>
    </Filter>
    <Filter Include="소스 파일\greedy\practice">
      <UniqueIdentifier>{f0226dd5-617c-4bdf-a923-89e03f65b0f1}</UniqueIdentifier>
    </Filter>
    <Filter Include="소스 파일\dfs_bfs\basic">
      <UniqueIdentifier>{65510a5a-acb9-4c3e-8a38-09b2abb8ae7d}</UniqueIdentifier>
    </Filter>
    <Filter Include="소스 파일\dfs_bfs\practice">
      <UniqueIdentifier>{27fc7210-d8b1-4ad2-9daa-8fe28db9c0c5}</UniqueIdentifier>
    </Filter>
    <Filter Include="소스 파일\binary_search\basic">
      <UniqueIdentifier>{705440d2-f04b-45d7-9463-0ba97f52a398}</UniqueIdentifier>
    </Filter>
    <Filter Include="소스 파일\binary_search\practice">
      <UniqueIdentifier>{cd0a253b-2755-4efa-ab04-492ee8367425}</UniqueIdentifier>
    </Filter>
    <Filter Include="소스 파일\sorting\basic">
      <UniqueIdentifier>{d865cec2-c5c8-44d6-988c-90695dcb0c89}</UniqueIdentifier>
    </Filter>
    <Filter Include="소스 파일\sorting\practice">
      <UniqueIdentifier>{1110bac0-8cb2-4615-9acc-ffdb1ddbec92}</UniqueIdentifier>
    </Filter>
  </ItemGroup>
  <ItemGroup>
    <ClCompile Include="game_development.cpp">
      <Filter>소스 파일\implementation\basic</Filter>
    </ClCompile>
    <ClCompile Include="night_of_kingdom.cpp">
      <Filter>소스 파일\implementation\basic</Filter>
    </ClCompile>
    <ClCompile Include="time.cpp">
      <Filter>소스 파일\implementation\basic</Filter>
    </ClCompile>
    <ClCompile Include="up_down_left_right.cpp">
      <Filter>소스 파일\implementation\basic</Filter>
    </ClCompile>
    <ClCompile Include="adventurer_guild.cpp">
      <Filter>소스 파일\greedy\practice</Filter>
    </ClCompile>
    <ClCompile Include="live_eating_broadcast_of_muzy.cpp">
      <Filter>소스 파일\greedy\practice</Filter>
    </ClCompile>
    <ClCompile Include="price_not_makingcpp.cpp">
      <Filter>소스 파일\greedy\practice</Filter>
    </ClCompile>
    <ClCompile Include="reversing_string.cpp">
      <Filter>소스 파일\greedy\practice</Filter>
    </ClCompile>
    <ClCompile Include="multiply_or_plus.cpp">
      <Filter>소스 파일\greedy\practice</Filter>
    </ClCompile>
    <ClCompile Include="bowling_selection.cpp">
      <Filter>소스 파일\greedy\practice</Filter>
    </ClCompile>
    <ClCompile Include="eating_icing_beverage.cpp">
      <Filter>소스 파일\dfs_bfs\basic</Filter>
    </ClCompile>
    <ClCompile Include="escaping_maze.cpp">
      <Filter>소스 파일\dfs_bfs\basic</Filter>
    </ClCompile>
    <ClCompile Include="finding_component.cpp">
      <Filter>소스 파일\binary_search\basic</Filter>
    </ClCompile>
    <ClCompile Include="making_ddukbokki-dduk.cpp">
      <Filter>소스 파일\binary_search\basic</Filter>
    </ClCompile>
    <ClCompile Include="change_element_of_two_arrays.cpp">
      <Filter>소스 파일\sorting\basic</Filter>
    </ClCompile>
    <ClCompile Include="print_name_from_low_point.cpp">
      <Filter>소스 파일\sorting\basic</Filter>
    </ClCompile>
    <ClCompile Include="up_and_down.cpp">
      <Filter>소스 파일\sorting\basic</Filter>
    </ClCompile>
    <ClCompile Include="lucky_straight.cpp">
      <Filter>소스 파일\implementation\practice</Filter>
    </ClCompile>
    <ClCompile Include="rearrange_string.cpp">
      <Filter>소스 파일\implementation\practice</Filter>
    </ClCompile>
    <ClCompile Include="string_compression.cpp">
      <Filter>소스 파일\implementation\practice</Filter>
    </ClCompile>
    <ClCompile Include="korean_english_math.cpp">
      <Filter>소스 파일\sorting\practice</Filter>
    </ClCompile>
    <ClCompile Include="antenna.cpp">
      <Filter>소스 파일\sorting\practice</Filter>
    </ClCompile>
    <ClCompile Include="failRate.cpp">
      <Filter>소스 파일\sorting\practice</Filter>
    </ClCompile>
    <ClCompile Include="sorting_cards.cpp">
      <Filter>소스 파일\sorting\practice</Filter>
    </ClCompile>
    <ClCompile Include="%28unsolved%29finding_specific_number_among_sorted_array.cpp">
      <Filter>소스 파일\binary_search\practice</Filter>
    </ClCompile>
    <ClCompile Include="%28unsolved%29lock_and_key.cpp">
      <Filter>소스 파일\implementation\practice</Filter>
    </ClCompile>
    <ClCompile Include="change_bracket.cpp">
      <Filter>소스 파일\dfs_bfs\practice</Filter>
    </ClCompile>
  </ItemGroup>
</Project>